
Microsoft Visual Studio Solution File, Format Version 12.00
# Visual Studio Version 17
VisualStudioVersion = 17.5.33516.290
MinimumVisualStudioVersion = 10.0.40219.1
Project("{FAE04EC0-301F-11D3-BF4B-00C04F79EFBC}") = "ModManagerTestMod", "ModManagerTestMod\ModManagerTestMod.csproj", "{FFF95371-B32B-4EAF-989E-206FB88278FF}"
EndProject
Global
	GlobalSection(SolutionConfigurationPlatforms) = preSolution
		Debug|Any CPU = Debug|Any CPU
		Release|Any CPU = Release|Any CPU
	EndGlobalSection
	GlobalSection(ProjectConfigurationPlatforms) = postSolution
		{FFF95371-B32B-4EAF-989E-206FB88278FF}.Debug|Any CPU.ActiveCfg = Debug|Any CPU
		{FFF95371-B32B-4EAF-989E-206FB88278FF}.Debug|Any CPU.Build.0 = Debug|Any CPU
		{FFF95371-B32B-4EAF-989E-206FB88278FF}.Release|Any CPU.ActiveCfg = Release|Any CPU
		{FFF95371-B32B-4EAF-989E-206FB88278FF}.Release|Any CPU.Build.0 = Release|Any CPU
	EndGlobalSection
	GlobalSection(SolutionProperties) = preSolution
		HideSolutionNode = FALSE
	EndGlobalSection
	GlobalSection(ExtensibilityGlobals) = postSolution
		SolutionGuid = {EC4440AE-5F4D-4B3B-AEB6-37D57B7FDEEF}
	EndGlobalSection
EndGlobal
